
Microsoft Visual Studio Solution File, Format Version 12.00
# Visual Studio 2012
Project("{FAE04EC0-301F-11D3-BF4B-00C04F79EFBC}") = "DownloadHasher", "DownloadHasher\DownloadHasher.csproj", "{1359C62C-C869-4F6F-B6E4-8CD50EEE7CCA}"
EndProject
Global
	GlobalSection(SolutionConfigurationPlatforms) = preSolution
		Debug|Any CPU = Debug|Any CPU
		Release|Any CPU = Release|Any CPU
	EndGlobalSection
	GlobalSection(ProjectConfigurationPlatforms) = postSolution
		{1359C62C-C869-4F6F-B6E4-8CD50EEE7CCA}.Debug|Any CPU.ActiveCfg = Debug|Any CPU
		{1359C62C-C869-4F6F-B6E4-8CD50EEE7CCA}.Debug|Any CPU.Build.0 = Debug|Any CPU
		{1359C62C-C869-4F6F-B6E4-8CD50EEE7CCA}.Release|Any CPU.ActiveCfg = Release|Any CPU
		{1359C62C-C869-4F6F-B6E4-8CD50EEE7CCA}.Release|Any CPU.Build.0 = Release|Any CPU
	EndGlobalSection
	GlobalSection(SolutionProperties) = preSolution
		HideSolutionNode = FALSE
	EndGlobalSection
EndGlobal
